
Microsoft Visual Studio Solution File, Format Version 12.00
# Visual Studio Version 17
VisualStudioVersion = 17.0.31903.59
MinimumVisualStudioVersion = 10.0.40219.1
Project("{2150E333-8FDC-42A3-9474-1A3956D46DE8}") = "src", "src", "{BF8B4102-0D22-4974-95FA-48520D6435C9}"
EndProject
Project("{2150E333-8FDC-42A3-9474-1A3956D46DE8}") = "samples", "samples", "{9057BB05-9938-4E47-8F31-97C07296C37A}"
EndProject
Project("{9A19103F-16F7-4668-BE54-9A1E7A4F7556}") = "OneAspNet.Repository.Dapper", "src\OneAspNet.Repository.Dapper\OneAspNet.Repository.Dapper.csproj", "{39E6DAB4-0FC9-4900-9BB9-3F7AFE3731F3}"
EndProject
Project("{9A19103F-16F7-4668-BE54-9A1E7A4F7556}") = "DapperSample", "samples\DapperSample\DapperSample.csproj", "{EE2E98D5-E681-4626-BCB4-0F17F719EEFE}"
EndProject
Project("{9A19103F-16F7-4668-BE54-9A1E7A4F7556}") = "Domain", "samples\Domain\Domain.csproj", "{71FDA4BB-D114-4C4B-B627-8183432153FE}"
EndProject
Global
	GlobalSection(SolutionConfigurationPlatforms) = preSolution
		Debug|Any CPU = Debug|Any CPU
		Release|Any CPU = Release|Any CPU
	EndGlobalSection
	GlobalSection(ProjectConfigurationPlatforms) = postSolution
		{39E6DAB4-0FC9-4900-9BB9-3F7AFE3731F3}.Debug|Any CPU.ActiveCfg = Debug|Any CPU
		{39E6DAB4-0FC9-4900-9BB9-3F7AFE3731F3}.Debug|Any CPU.Build.0 = Debug|Any CPU
		{39E6DAB4-0FC9-4900-9BB9-3F7AFE3731F3}.Release|Any CPU.ActiveCfg = Release|Any CPU
		{39E6DAB4-0FC9-4900-9BB9-3F7AFE3731F3}.Release|Any CPU.Build.0 = Release|Any CPU
		{EE2E98D5-E681-4626-BCB4-0F17F719EEFE}.Debug|Any CPU.ActiveCfg = Debug|Any CPU
		{EE2E98D5-E681-4626-BCB4-0F17F719EEFE}.Debug|Any CPU.Build.0 = Debug|Any CPU
		{EE2E98D5-E681-4626-BCB4-0F17F719EEFE}.Release|Any CPU.ActiveCfg = Release|Any CPU
		{EE2E98D5-E681-4626-BCB4-0F17F719EEFE}.Release|Any CPU.Build.0 = Release|Any CPU
		{71FDA4BB-D114-4C4B-B627-8183432153FE}.Debug|Any CPU.ActiveCfg = Debug|Any CPU
		{71FDA4BB-D114-4C4B-B627-8183432153FE}.Debug|Any CPU.Build.0 = Debug|Any CPU
		{71FDA4BB-D114-4C4B-B627-8183432153FE}.Release|Any CPU.ActiveCfg = Release|Any CPU
		{71FDA4BB-D114-4C4B-B627-8183432153FE}.Release|Any CPU.Build.0 = Release|Any CPU
	EndGlobalSection
	GlobalSection(SolutionProperties) = preSolution
		HideSolutionNode = FALSE
	EndGlobalSection
	GlobalSection(NestedProjects) = preSolution
		{39E6DAB4-0FC9-4900-9BB9-3F7AFE3731F3} = {BF8B4102-0D22-4974-95FA-48520D6435C9}
		{EE2E98D5-E681-4626-BCB4-0F17F719EEFE} = {9057BB05-9938-4E47-8F31-97C07296C37A}
		{71FDA4BB-D114-4C4B-B627-8183432153FE} = {9057BB05-9938-4E47-8F31-97C07296C37A}
	EndGlobalSection
	GlobalSection(ExtensibilityGlobals) = postSolution
		SolutionGuid = {EDD92ACF-07AA-4D9A-98AB-1019F95E84BE}
	EndGlobalSection
EndGlobal
